
Microsoft Visual Studio Solution File, Format Version 12.00
# Visual Studio Version 16
VisualStudioVersion = 16.0.29519.181
MinimumVisualStudioVersion = 10.0.40219.1
Project("{FAE04EC0-301F-11D3-BF4B-00C04F79EFBC}") = "YoutubeTitleForYvonne", "YoutubeTitleForYvonne.csproj", "{3FC6DEA6-7EF2-4900-AE1F-368DE3F3A54B}"
EndProject
Global
	GlobalSection(SolutionConfigurationPlatforms) = preSolution
		Debug|Any CPU = Debug|Any CPU
		Release|Any CPU = Release|Any CPU
	EndGlobalSection
	GlobalSection(ProjectConfigurationPlatforms) = postSolution
		{3FC6DEA6-7EF2-4900-AE1F-368DE3F3A54B}.Debug|Any CPU.ActiveCfg = Debug|Any CPU
		{3FC6DEA6-7EF2-4900-AE1F-368DE3F3A54B}.Debug|Any CPU.Build.0 = Debug|Any CPU
		{3FC6DEA6-7EF2-4900-AE1F-368DE3F3A54B}.Release|Any CPU.ActiveCfg = Release|Any CPU
		{3FC6DEA6-7EF2-4900-AE1F-368DE3F3A54B}.Release|Any CPU.Build.0 = Release|Any CPU
	EndGlobalSection
	GlobalSection(SolutionProperties) = preSolution
		HideSolutionNode = FALSE
	EndGlobalSection
	GlobalSection(ExtensibilityGlobals) = postSolution
		SolutionGuid = {8843ADB6-B446-4359-82B0-E049D0014401}
	EndGlobalSection
EndGlobal
